// !$*UTF8*$!
{
	archiveVersion = 1;
	classes = {
	};
	objectVersion = 55;
	objects = {

/* Begin PBXBuildFile section */
		39476A91278ECEB6009E7D4D /* AppDelegate.swift in Sources */ = {isa = PBXBuildFile; fileRef = 39476A90278ECEB6009E7D4D /* AppDelegate.swift */; };
		39476A93278ECEB6009E7D4D /* SceneDelegate.swift in Sources */ = {isa = PBXBuildFile; fileRef = 39476A92278ECEB6009E7D4D /* SceneDelegate.swift */; };
		39476A95278ECEB6009E7D4D /* ViewController.swift in Sources */ = {isa = PBXBuildFile; fileRef = 39476A94278ECEB6009E7D4D /* ViewController.swift */; };
		39476A98278ECEB6009E7D4D /* Main.storyboard in Resources */ = {isa = PBXBuildFile; fileRef = 39476A96278ECEB6009E7D4D /* Main.storyboard */; };
		39476A9B278ECEB6009E7D4D /* RandomDogs.xcdatamodeld in Sources */ = {isa = PBXBuildFile; fileRef = 39476A99278ECEB6009E7D4D /* RandomDogs.xcdatamodeld */; };
		39476A9D278ECEB9009E7D4D /* Assets.xcassets in Resources */ = {isa = PBXBuildFile; fileRef = 39476A9C278ECEB9009E7D4D /* Assets.xcassets */; };
		39476AA0278ECEB9009E7D4D /* LaunchScreen.storyboard in Resources */ = {isa = PBXBuildFile; fileRef = 39476A9E278ECEB9009E7D4D /* LaunchScreen.storyboard */; };
/* End PBXBuildFile section */

/* Begin PBXFileReference section */
		39476A8D278ECEB6009E7D4D /* RandomDogs.app */ = {isa = PBXFileReference; explicitFileType = wrapper.application; includeInIndex = 0; path = RandomDogs.app; sourceTree = BUILT_PRODUCTS_DIR; };
		39476A90278ECEB6009E7D4D /* AppDelegate.swift */ = {isa = PBXFileReference; lastKnownFileType = sourcecode.swift; path = AppDelegate.swift; sourceTree = "<group>"; };
		39476A92278ECEB6009E7D4D /* SceneDelegate.swift */ = {isa = PBXFileReference; lastKnownFileType = sourcecode.swift; path = SceneDelegate.swift; sourceTree = "<group>"; };
		39476A94278ECEB6009E7D4D /* ViewController.swift */ = {isa = PBXFileReference; lastKnownFileType = sourcecode.swift; path = ViewController.swift; sourceTree = "<group>"; };
		39476A97278ECEB6009E7D4D /* Base */ = {isa = PBXFileReference; lastKnownFileType = file.storyboard; name = Base; path = Base.lproj/Main.storyboard; sourceTree = "<group>"; };
		39476A9A278ECEB6009E7D4D /* RandomDogs.xcdatamodel */ = {isa = PBXFileReference; lastKnownFileType = wrapper.xcdatamodel; path = RandomDogs.xcdatamodel; sourceTree = "<group>"; };
		39476A9C278ECEB9009E7D4D /* Assets.xcassets */ = {isa = PBXFileReference; lastKnownFileType = folder.assetcatalog; path = Assets.xcassets; sourceTree = "<group>"; };
		39476A9F278ECEB9009E7D4D /* Base */ = {isa = PBXFileReference; lastKnownFileType = file.storyboard; name = Base; path = Base.lproj/LaunchScreen.storyboard; sourceTree = "<group>"; };
		39476AA1278ECEB9009E7D4D /* Info.plist */ = {isa = PBXFileReference; lastKnownFileType = text.plist.xml; path = Info.plist; sourceTree = "<group>"; };
/* End PBXFileReference section */

/* Begin PBXFrameworksBuildPhase section */
		39476A8A278ECEB6009E7D4D /* Frameworks */ = {
			isa = PBXFrameworksBuildPhase;
			buildActionMask = 2147483647;
			files = (
			);
			runOnlyForDeploymentPostprocessing = 0;
		};
/* End PBXFrameworksBuildPhase section */

/* Begin PBXGroup section */
		39476A84278ECEB6009E7D4D = {
			isa = PBXGroup;
			children = (
				39476A8F278ECEB6009E7D4D /* RandomDogs */,
				39476A8E278ECEB6009E7D4D /* Products */,
			);
			sourceTree = "<group>";
		};
		39476A8E278ECEB6009E7D4D /* Products */ = {
			isa = PBXGroup;
			children = (
				39476A8D278ECEB6009E7D4D /* RandomDogs.app */,
			);
			name = Products;
			sourceTree = "<group>";
		};
		39476A8F278ECEB6009E7D4D /* RandomDogs */ = {
			isa = PBXGroup;
			children = (
				39476A90278ECEB6009E7D4D /* AppDelegate.swift */,
				39476A92278ECEB6009E7D4D /* SceneDelegate.swift */,
				39476A94278ECEB6009E7D4D /* ViewController.swift */,
				39476A96278ECEB6009E7D4D /* Main.storyboard */,
				39476A9C278ECEB9009E7D4D /* Assets.xcassets */,
				39476A9E278ECEB9009E7D4D /* LaunchScreen.storyboard */,
				39476AA1278ECEB9009E7D4D /* Info.plist */,
				39476A99278ECEB6009E7D4D /* RandomDogs.xcdatamodeld */,
			);
			path = RandomDogs;
			sourceTree = "<group>";
		};
/* End PBXGroup section */

/* Begin PBXNativeTarget section */
		39476A8C278ECEB6009E7D4D /* RandomDogs */ = {
			isa = PBXNativeTarget;
			buildConfigurationList = 39476AA4278ECEB9009E7D4D /* Build configuration list for PBXNativeTarget "RandomDogs" */;
			buildPhases = (
				39476A89278ECEB6009E7D4D /* Sources */,
				39476A8A278ECEB6009E7D4D /* Frameworks */,
				39476A8B278ECEB6009E7D4D /* Resources */,
			);
			buildRules = (
			);
			dependencies = (
			);
			name = RandomDogs;
			productName = RandomDogs;
			productReference = 39476A8D278ECEB6009E7D4D /* RandomDogs.app */;
			productType = "com.apple.product-type.application";
		};
/* End PBXNativeTarget section */

/* Begin PBXProject section */
		39476A85278ECEB6009E7D4D /* Project object */ = {
			isa = PBXProject;
			attributes = {
				BuildIndependentTargetsInParallel = 1;
				LastSwiftUpdateCheck = 1320;
				LastUpgradeCheck = 1320;
				TargetAttributes = {
					39476A8C278ECEB6009E7D4D = {
						CreatedOnToolsVersion = 13.2.1;
					};
				};
			};
			buildConfigurationList = 39476A88278ECEB6009E7D4D /* Build configuration list for PBXProject "RandomDogs" */;
			compatibilityVersion = "Xcode 13.0";
			developmentRegion = en;
			hasScannedForEncodings = 0;
			knownRegions = (
				en,
				Base,
			);
			mainGroup = 39476A84278ECEB6009E7D4D;
			productRefGroup = 39476A8E278ECEB6009E7D4D /* Products */;
			projectDirPath = "";
			projectRoot = "";
			targets = (
				39476A8C278ECEB6009E7D4D /* RandomDogs */,
			);
		};
/* End PBXProject section */

/* Begin PBXResourcesBuildPhase section */
		39476A8B278ECEB6009E7D4D /* Resources */ = {
			isa = PBXResourcesBuildPhase;
			buildActionMask = 2147483647;
			files = (
				39476AA0278ECEB9009E7D4D /* LaunchScreen.storyboard in Resources */,
				39476A9D278ECEB9009E7D4D /* Assets.xcassets in Resources */,
				39476A98278ECEB6009E7D4D /* Main.storyboard in Resources */,
			);
			runOnlyForDeploymentPostprocessing = 0;
		};
/* End PBXResourcesBuildPhase section */

/* Begin PBXSourcesBuildPhase section */
		39476A89278ECEB6009E7D4D /* Sources */ = {
			isa = PBXSourcesBuildPhase;
			buildActionMask = 2147483647;
			files = (
				39476A95278ECEB6009E7D4D /* ViewController.swift in Sources */,
				39476A9B278ECEB6009E7D4D /* RandomDogs.xcdatamodeld in Sources */,
				39476A91278ECEB6009E7D4D /* AppDelegate.swift in Sources */,
				39476A93278ECEB6009E7D4D /* SceneDelegate.swift in Sources */,
			);
			runOnlyForDeploymentPostprocessing = 0;
		};
/* End PBXSourcesBuildPhase section */

/* Begin PBXVariantGroup section */
		39476A96278ECEB6009E7D4D /* Main.storyboard */ = {
			isa = PBXVariantGroup;
			children = (
				39476A97278ECEB6009E7D4D /* Base */,
			);
			name = Main.storyboard;
			sourceTree = "<group>";
		};
		39476A9E278ECEB9009E7D4D /* LaunchScreen.storyboard */ = {
			isa = PBXVariantGroup;
			children = (
				39476A9F278ECEB9009E7D4D /* Base */,
			);
			name = LaunchScreen.storyboard;
			sourceTree = "<group>";
		};
/* End PBXVariantGroup section */

/* Begin XCBuildConfiguration section */
		39476AA2278ECEB9009E7D4D /* Debug */ = {
			isa = XCBuildConfiguration;
			buildSettings = {
				ALWAYS_SEARCH_USER_PATHS = NO;
				CLANG_ANALYZER_NONNULL = YES;
				CLANG_ANALYZER_NUMBER_OBJECT_CONVERSION = YES_AGGRESSIVE;
				CLANG_CXX_LANGUAGE_STANDARD = "gnu++17";
				CLANG_CXX_LIBRARY = "libc++";
				CLANG_ENABLE_MODULES = YES;
				CLANG_ENABLE_OBJC_ARC = YES;
				CLANG_ENABLE_OBJC_WEAK = YES;
				CLANG_WARN_BLOCK_CAPTURE_AUTORELEASING = YES;
				CLANG_WARN_BOOL_CONVERSION = YES;
				CLANG_WARN_COMMA = YES;
				CLANG_WARN_CONSTANT_CONVERSION = YES;
				CLANG_WARN_DEPRECATED_OBJC_IMPLEMENTATIONS = YES;
				CLANG_WARN_DIRECT_OBJC_ISA_USAGE = YES_ERROR;
				CLANG_WARN_DOCUMENTATION_COMMENTS = YES;
				CLANG_WARN_EMPTY_BODY = YES;
				CLANG_WARN_ENUM_CONVERSION = YES;
				CLANG_WARN_INFINITE_RECURSION = YES;
				CLANG_WARN_INT_CONVERSION = YES;
				CLANG_WARN_NON_LITERAL_NULL_CONVERSION = YES;
				CLANG_WARN_OBJC_IMPLICIT_RETAIN_SELF = YES;
				CLANG_WARN_OBJC_LITERAL_CONVERSION = YES;
				CLANG_WARN_OBJC_ROOT_CLASS = YES_ERROR;
				CLANG_WARN_QUOTED_INCLUDE_IN_FRAMEWORK_HEADER = YES;
				CLANG_WARN_RANGE_LOOP_ANALYSIS = YES;
				CLANG_WARN_STRICT_PROTOTYPES = YES;
				CLANG_WARN_SUSPICIOUS_MOVE = YES;
				CLANG_WARN_UNGUARDED_AVAILABILITY = YES_AGGRESSIVE;
				CLANG_WARN_UNREACHABLE_CODE = YES;
				CLANG_WARN__DUPLICATE_METHOD_MATCH = YES;
				COPY_PHASE_STRIP = NO;
				DEBUG_INFORMATION_FORMAT = dwarf;
				ENABLE_STRICT_OBJC_MSGSEND = YES;
				ENABLE_TESTABILITY = YES;
				GCC_C_LANGUAGE_STANDARD = gnu11;
				GCC_DYNAMIC_NO_PIC = NO;
				GCC_NO_COMMON_BLOCKS = YES;
				GCC_OPTIMIZATION_LEVEL = 0;
				GCC_PREPROCESSOR_DEFINITIONS = (
					"DEBUG=1",
					"$(inherited)",
				);
				GCC_WARN_64_TO_32_BIT_CONVERSION = YES;
				GCC_WARN_ABOUT_RETURN_TYPE = YES_ERROR;
				GCC_WARN_UNDECLARED_SELECTOR = YES;
				GCC_WARN_UNINITIALIZED_AUTOS = YES_AGGRESSIVE;
				GCC_WARN_UNUSED_FUNCTION = YES;
				GCC_WARN_UNUSED_VARIABLE = YES;
				IPHONEOS_DEPLOYMENT_TARGET = 15.2;
				MTL_ENABLE_DEBUG_INFO = INCLUDE_SOURCE;
				MTL_FAST_MATH = YES;
				ONLY_ACTIVE_ARCH = YES;
				SDKROOT = iphoneos;
				SWIFT_ACTIVE_COMPILATION_CONDITIONS = DEBUG;
				SWIFT_OPTIMIZATION_LEVEL = "-Onone";
			};
			name = Debug;
		};
		39476AA3278ECEB9009E7D4D /* Release */ = {
			isa = XCBuildConfiguration;
			buildSettings = {
				ALWAYS_SEARCH_USER_PATHS = NO;
				CLANG_ANALYZER_NONNULL = YES;
				CLANG_ANALYZER_NUMBER_OBJECT_CONVERSION = YES_AGGRESSIVE;
				CLANG_CXX_LANGUAGE_STANDARD = "gnu++17";
				CLANG_CXX_LIBRARY = "libc++";
				CLANG_ENABLE_MODULES = YES;
				CLANG_ENABLE_OBJC_ARC = YES;
				CLANG_ENABLE_OBJC_WEAK = YES;
				CLANG_WARN_BLOCK_CAPTURE_AUTORELEASING = YES;
				CLANG_WARN_BOOL_CONVERSION = YES;
				CLANG_WARN_COMMA = YES;
				CLANG_WARN_CONSTANT_CONVERSION = YES;
				CLANG_WARN_DEPRECATED_OBJC_IMPLEMENTATIONS = YES;
				CLANG_WARN_DIRECT_OBJC_ISA_USAGE = YES_ERROR;
				CLANG_WARN_DOCUMENTATION_COMMENTS = YES;
				CLANG_WARN_EMPTY_BODY = YES;
				CLANG_WARN_ENUM_CONVERSION = YES;
				CLANG_WARN_INFINITE_RECURSION = YES;
				CLANG_WARN_INT_CONVERSION = YES;
				CLANG_WARN_NON_LITERAL_NULL_CONVERSION = YES;
				CLANG_WARN_OBJC_IMPLICIT_RETAIN_SELF = YES;
				CLANG_WARN_OBJC_LITERAL_CONVERSION = YES;
				CLANG_WARN_OBJC_ROOT_CLASS = YES_ERROR;
				CLANG_WARN_QUOTED_INCLUDE_IN_FRAMEWORK_HEADER = YES;
				CLANG_WARN_RANGE_LOOP_ANALYSIS = YES;
				CLANG_WARN_STRICT_PROTOTYPES = YES;
				CLANG_WARN_SUSPICIOUS_MOVE = YES;
				CLANG_WARN_UNGUARDED_AVAILABILITY = YES_AGGRESSIVE;
				CLANG_WARN_UNREACHABLE_CODE = YES;
				CLANG_WARN__DUPLICATE_METHOD_MATCH = YES;
				COPY_PHASE_STRIP = NO;
				DEBUG_INFORMATION_FORMAT = "dwarf-with-dsym";
				ENABLE_NS_ASSERTIONS = NO;
				ENABLE_STRICT_OBJC_MSGSEND = YES;
				GCC_C_LANGUAGE_STANDARD = gnu11;
				GCC_NO_COMMON_BLOCKS = YES;
				GCC_WARN_64_TO_32_BIT_CONVERSION = YES;
				GCC_WARN_ABOUT_RETURN_TYPE = YES_ERROR;
				GCC_WARN_UNDECLARED_SELECTOR = YES;
				GCC_WARN_UNINITIALIZED_AUTOS = YES_AGGRESSIVE;
				GCC_WARN_UNUSED_FUNCTION = YES;
				GCC_WARN_UNUSED_VARIABLE = YES;
				IPHONEOS_DEPLOYMENT_TARGET = 15.2;
				MTL_ENABLE_DEBUG_INFO = NO;
				MTL_FAST_MATH = YES;
				SDKROOT = iphoneos;
				SWIFT_COMPILATION_MODE = wholemodule;
				SWIFT_OPTIMIZATION_LEVEL = "-O";
				VALIDATE_PRODUCT = YES;
			};
			name = Release;
		};
		39476AA5278ECEB9009E7D4D /* Debug */ = {
			isa = XCBuildConfiguration;
			buildSettings = {
				ASSETCATALOG_COMPILER_APPICON_NAME = AppIcon;
				ASSETCATALOG_COMPILER_GLOBAL_ACCENT_COLOR_NAME = AccentColor;
				CODE_SIGN_STYLE = Automatic;
				CURRENT_PROJECT_VERSION = 1;
				DEVELOPMENT_TEAM = A9J4WDMWF3;
				GENERATE_INFOPLIST_FILE = YES;
				INFOPLIST_FILE = RandomDogs/Info.plist;
				INFOPLIST_KEY_UIApplicationSupportsIndirectInputEvents = YES;
				INFOPLIST_KEY_UILaunchStoryboardName = LaunchScreen;
				INFOPLIST_KEY_UIMainStoryboardFile = Main;
				INFOPLIST_KEY_UISupportedInterfaceOrientations_iPad = "UIInterfaceOrientationPortrait UIInterfaceOrientationPortraitUpsideDown UIInterfaceOrientationLandscapeLeft UIInterfaceOrientationLandscapeRight";
				INFOPLIST_KEY_UISupportedInterfaceOrientations_iPhone = "UIInterfaceOrientationPortrait UIInterfaceOrientationLandscapeLeft UIInterfaceOrientationLandscapeRight";
				LD_RUNPATH_SEARCH_PATHS = (
					"$(inherited)",
					"@executable_path/Frameworks",
				);
				MARKETING_VERSION = 1.0;
				PRODUCT_BUNDLE_IDENTIFIER = bulatK.RandomDogs;
				PRODUCT_NAME = "$(TARGET_NAME)";
				SWIFT_EMIT_LOC_STRINGS = YES;
				SWIFT_VERSION = 5.0;
				TARGETED_DEVICE_FAMILY = "1,2";
			};
			name = Debug;
		};
		39476AA6278ECEB9009E7D4D /* Release */ = {
			isa = XCBuildConfiguration;
			buildSettings = {
				ASSETCATALOG_COMPILER_APPICON_NAME = AppIcon;
				ASSETCATALOG_COMPILER_GLOBAL_ACCENT_COLOR_NAME = AccentColor;
				CODE_SIGN_STYLE = Automatic;
				CURRENT_PROJECT_VERSION = 1;
				DEVELOPMENT_TEAM = A9J4WDMWF3;
				GENERATE_INFOPLIST_FILE = YES;
				INFOPLIST_FILE = RandomDogs/Info.plist;
				INFOPLIST_KEY_UIApplicationSupportsIndirectInputEvents = YES;
				INFOPLIST_KEY_UILaunchStoryboardName = LaunchScreen;
				INFOPLIST_KEY_UIMainStoryboardFile = Main;
				INFOPLIST_KEY_UISupportedInterfaceOrientations_iPad = "UIInterfaceOrientationPortrait UIInterfaceOrientationPortraitUpsideDown UIInterfaceOrientationLandscapeLeft UIInterfaceOrientationLandscapeRight";
				INFOPLIST_KEY_UISupportedInterfaceOrientations_iPhone = "UIInterfaceOrientationPortrait UIInterfaceOrientationLandscapeLeft UIInterfaceOrientationLandscapeRight";
				LD_RUNPATH_SEARCH_PATHS = (
					"$(inherited)",
					"@executable_path/Frameworks",
				);
				MARKETING_VERSION = 1.0;
				PRODUCT_BUNDLE_IDENTIFIER = bulatK.RandomDogs;
				PRODUCT_NAME = "$(TARGET_NAME)";
				SWIFT_EMIT_LOC_STRINGS = YES;
				SWIFT_VERSION = 5.0;
				TARGETED_DEVICE_FAMILY = "1,2";
			};
			name = Release;
		};
/* End XCBuildConfiguration section */

/* Begin XCConfigurationList section */
		39476A88278ECEB6009E7D4D /* Build configuration list for PBXProject "RandomDogs" */ = {
			isa = XCConfigurationList;
			buildConfigurations = (
				39476AA2278ECEB9009E7D4D /* Debug */,
				39476AA3278ECEB9009E7D4D /* Release */,
			);
			defaultConfigurationIsVisible = 0;
			defaultConfigurationName = Release;
		};
		39476AA4278ECEB9009E7D4D /* Build configuration list for PBXNativeTarget "RandomDogs" */ = {
			isa = XCConfigurationList;
			buildConfigurations = (
				39476AA5278ECEB9009E7D4D /* Debug */,
				39476AA6278ECEB9009E7D4D /* Release */,
			);
			defaultConfigurationIsVisible = 0;
			defaultConfigurationName = Release;
		};
/* End XCConfigurationList section */

/* Begin XCVersionGroup section */
		39476A99278ECEB6009E7D4D /* RandomDogs.xcdatamodeld */ = {
			isa = XCVersionGroup;
			children = (
				39476A9A278ECEB6009E7D4D /* RandomDogs.xcdatamodel */,
			);
			currentVersion = 39476A9A278ECEB6009E7D4D /* RandomDogs.xcdatamodel */;
			path = RandomDogs.xcdatamodeld;
			sourceTree = "<group>";
			versionGroupType = wrapper.xcdatamodel;
		};
/* End XCVersionGroup section */
	};
	rootObject = 39476A85278ECEB6009E7D4D /* Project object */;
}
